
Microsoft Visual Studio Solution File, Format Version 12.00
# Visual Studio 15
Project("{FAE04EC0-301F-11D3-BF4B-00C04F79EFBC}") = "Assembly-CSharp", "Assembly-CSharp.csproj", "{66CC5E23-63F8-710C-3523-E4ECFF0E0776}"
EndProject
Project("{FAE04EC0-301F-11D3-BF4B-00C04F79EFBC}") = "NavMeshComponents", "NavMeshComponents.csproj", "{481998AE-D7E9-59A0-74D6-867B776F7B4D}"
EndProject
Project("{FAE04EC0-301F-11D3-BF4B-00C04F79EFBC}") = "Assembly-CSharp-Editor", "Assembly-CSharp-Editor.csproj", "{C9AA69B0-164D-D9F3-5597-D2868149AF95}"
EndProject
Project("{FAE04EC0-301F-11D3-BF4B-00C04F79EFBC}") = "NavMeshComponentsEditor", "NavMeshComponentsEditor.csproj", "{FA7EC9C1-4D36-A5EB-0F1F-1538B404DDA1}"
EndProject
Global
	GlobalSection(SolutionConfigurationPlatforms) = preSolution
		Debug|Any CPU = Debug|Any CPU
		Release|Any CPU = Release|Any CPU
	EndGlobalSection
	GlobalSection(ProjectConfigurationPlatforms) = postSolution
		{66CC5E23-63F8-710C-3523-E4ECFF0E0776}.Debug|Any CPU.ActiveCfg = Debug|Any CPU
		{66CC5E23-63F8-710C-3523-E4ECFF0E0776}.Debug|Any CPU.Build.0 = Debug|Any CPU
		{66CC5E23-63F8-710C-3523-E4ECFF0E0776}.Release|Any CPU.ActiveCfg = Release|Any CPU
		{66CC5E23-63F8-710C-3523-E4ECFF0E0776}.Release|Any CPU.Build.0 = Release|Any CPU
		{481998AE-D7E9-59A0-74D6-867B776F7B4D}.Debug|Any CPU.ActiveCfg = Debug|Any CPU
		{481998AE-D7E9-59A0-74D6-867B776F7B4D}.Debug|Any CPU.Build.0 = Debug|Any CPU
		{481998AE-D7E9-59A0-74D6-867B776F7B4D}.Release|Any CPU.ActiveCfg = Release|Any CPU
		{481998AE-D7E9-59A0-74D6-867B776F7B4D}.Release|Any CPU.Build.0 = Release|Any CPU
		{C9AA69B0-164D-D9F3-5597-D2868149AF95}.Debug|Any CPU.ActiveCfg = Debug|Any CPU
		{C9AA69B0-164D-D9F3-5597-D2868149AF95}.Debug|Any CPU.Build.0 = Debug|Any CPU
		{C9AA69B0-164D-D9F3-5597-D2868149AF95}.Release|Any CPU.ActiveCfg = Release|Any CPU
		{C9AA69B0-164D-D9F3-5597-D2868149AF95}.Release|Any CPU.Build.0 = Release|Any CPU
		{FA7EC9C1-4D36-A5EB-0F1F-1538B404DDA1}.Debug|Any CPU.ActiveCfg = Debug|Any CPU
		{FA7EC9C1-4D36-A5EB-0F1F-1538B404DDA1}.Debug|Any CPU.Build.0 = Debug|Any CPU
		{FA7EC9C1-4D36-A5EB-0F1F-1538B404DDA1}.Release|Any CPU.ActiveCfg = Release|Any CPU
		{FA7EC9C1-4D36-A5EB-0F1F-1538B404DDA1}.Release|Any CPU.Build.0 = Release|Any CPU
	EndGlobalSection
	GlobalSection(SolutionProperties) = preSolution
		HideSolutionNode = FALSE
	EndGlobalSection
EndGlobal
